
Microsoft Visual Studio Solution File, Format Version 12.00
# Visual Studio 15
VisualStudioVersion = 15.0.28307.1259
MinimumVisualStudioVersion = 10.0.40219.1
Project("{FAE04EC0-301F-11D3-BF4B-00C04F79EFBC}") = "WpfAppMag", "WpfAppMag\WpfAppMag.csproj", "{0D0CB36C-2295-42DE-8BEB-BBF43C9607C1}"
EndProject
Global
	GlobalSection(SolutionConfigurationPlatforms) = preSolution
		Debug|Any CPU = Debug|Any CPU
		Release|Any CPU = Release|Any CPU
	EndGlobalSection
	GlobalSection(ProjectConfigurationPlatforms) = postSolution
		{0D0CB36C-2295-42DE-8BEB-BBF43C9607C1}.Debug|Any CPU.ActiveCfg = Debug|Any CPU
		{0D0CB36C-2295-42DE-8BEB-BBF43C9607C1}.Debug|Any CPU.Build.0 = Debug|Any CPU
		{0D0CB36C-2295-42DE-8BEB-BBF43C9607C1}.Release|Any CPU.ActiveCfg = Release|Any CPU
		{0D0CB36C-2295-42DE-8BEB-BBF43C9607C1}.Release|Any CPU.Build.0 = Release|Any CPU
	EndGlobalSection
	GlobalSection(SolutionProperties) = preSolution
		HideSolutionNode = FALSE
	EndGlobalSection
	GlobalSection(ExtensibilityGlobals) = postSolution
		SolutionGuid = {C6F99C3B-46FA-4FB8-850F-E1AF0F9CB0F8}
	EndGlobalSection
EndGlobal
